
Microsoft Visual Studio Solution File, Format Version 12.00
# Visual Studio Version 17
VisualStudioVersion = 17.12.35527.113 d17.12
MinimumVisualStudioVersion = 10.0.40219.1
Project("{8BC9CEB8-8B4A-11D0-8D11-00A0C91BC942}") = "IPDM_A_WITH_MODULARITY_V02", "IPDM_A_WITH_MODULARITY_V02.vcxproj", "{AADAE6ED-3D59-49B3-AE04-C8C496B612EF}"
EndProject
Global
	GlobalSection(SolutionConfigurationPlatforms) = preSolution
		Debug|x64 = Debug|x64
		Debug|x86 = Debug|x86
		Release|x64 = Release|x64
		Release|x86 = Release|x86
	EndGlobalSection
	GlobalSection(ProjectConfigurationPlatforms) = postSolution
		{AADAE6ED-3D59-49B3-AE04-C8C496B612EF}.Debug|x64.ActiveCfg = Debug|x64
		{AADAE6ED-3D59-49B3-AE04-C8C496B612EF}.Debug|x64.Build.0 = Debug|x64
		{AADAE6ED-3D59-49B3-AE04-C8C496B612EF}.Debug|x86.ActiveCfg = Debug|Win32
		{AADAE6ED-3D59-49B3-AE04-C8C496B612EF}.Debug|x86.Build.0 = Debug|Win32
		{AADAE6ED-3D59-49B3-AE04-C8C496B612EF}.Release|x64.ActiveCfg = Release|x64
		{AADAE6ED-3D59-49B3-AE04-C8C496B612EF}.Release|x64.Build.0 = Release|x64
		{AADAE6ED-3D59-49B3-AE04-C8C496B612EF}.Release|x86.ActiveCfg = Release|Win32
		{AADAE6ED-3D59-49B3-AE04-C8C496B612EF}.Release|x86.Build.0 = Release|Win32
	EndGlobalSection
	GlobalSection(SolutionProperties) = preSolution
		HideSolutionNode = FALSE
	EndGlobalSection
EndGlobal
